
Microsoft Visual Studio Solution File, Format Version 12.00
# Visual Studio Version 17
VisualStudioVersion = 17.11.35312.102
MinimumVisualStudioVersion = 10.0.40219.1
Project("{FAE04EC0-301F-11D3-BF4B-00C04F79EFBC}") = "ZenMode", "ZenMode\ZenMode.csproj", "{7CAAD83A-9167-459E-A3F7-02B404819DC6}"
EndProject
Global
	GlobalSection(SolutionConfigurationPlatforms) = preSolution
		Debug|Any CPU = Debug|Any CPU
		Release|Any CPU = Release|Any CPU
	EndGlobalSection
	GlobalSection(ProjectConfigurationPlatforms) = postSolution
		{7CAAD83A-9167-459E-A3F7-02B404819DC6}.Debug|Any CPU.ActiveCfg = Debug|Any CPU
		{7CAAD83A-9167-459E-A3F7-02B404819DC6}.Debug|Any CPU.Build.0 = Debug|Any CPU
		{7CAAD83A-9167-459E-A3F7-02B404819DC6}.Release|Any CPU.ActiveCfg = Release|Any CPU
		{7CAAD83A-9167-459E-A3F7-02B404819DC6}.Release|Any CPU.Build.0 = Release|Any CPU
	EndGlobalSection
	GlobalSection(SolutionProperties) = preSolution
		HideSolutionNode = FALSE
	EndGlobalSection
	GlobalSection(ExtensibilityGlobals) = postSolution
		SolutionGuid = {6634FC36-2D80-480F-A755-791C51339A8B}
	EndGlobalSection
EndGlobal
